
Microsoft Visual Studio Solution File, Format Version 12.00
# Visual Studio 15
VisualStudioVersion = 15.0.28307.106
MinimumVisualStudioVersion = 10.0.40219.1
Project("{9A19103F-16F7-4668-BE54-9A1E7A4F7556}") = "EVE.SingleSignOn.Core", "EVE.SingleSignOn.Core\EVE.SingleSignOn.Core.csproj", "{6A6AAF57-FF56-4AB9-8D53-3C2AD3CEBC55}"
EndProject
Global
	GlobalSection(SolutionConfigurationPlatforms) = preSolution
		Debug|Any CPU = Debug|Any CPU
		Release|Any CPU = Release|Any CPU
	EndGlobalSection
	GlobalSection(ProjectConfigurationPlatforms) = postSolution
		{6A6AAF57-FF56-4AB9-8D53-3C2AD3CEBC55}.Debug|Any CPU.ActiveCfg = Debug|Any CPU
		{6A6AAF57-FF56-4AB9-8D53-3C2AD3CEBC55}.Debug|Any CPU.Build.0 = Debug|Any CPU
		{6A6AAF57-FF56-4AB9-8D53-3C2AD3CEBC55}.Release|Any CPU.ActiveCfg = Release|Any CPU
		{6A6AAF57-FF56-4AB9-8D53-3C2AD3CEBC55}.Release|Any CPU.Build.0 = Release|Any CPU
	EndGlobalSection
	GlobalSection(SolutionProperties) = preSolution
		HideSolutionNode = FALSE
	EndGlobalSection
	GlobalSection(ExtensibilityGlobals) = postSolution
		SolutionGuid = {E12797ED-FC97-4703-96A3-A35714A2AF55}
	EndGlobalSection
EndGlobal
